
Microsoft Visual Studio Solution File, Format Version 9.00
# Visual Studio 2005
Project("{8BC9CEB8-8B4A-11D0-8D11-00A0C91BC942}") = "cowichan_serial", "..\cowichan_serial\cowichan_serial.vcproj", "{3F8546A1-038C-4BA9-B28F-22E0E0925501}"
EndProject
Project("{8BC9CEB8-8B4A-11D0-8D11-00A0C91BC942}") = "cowichan_openmp", "..\cowichan_openmp\cowichan_openmp.vcproj", "{11DE927D-B71F-47CD-B8B8-5221EC3EC3AD}"
EndProject
Project("{8BC9CEB8-8B4A-11D0-8D11-00A0C91BC942}") = "cowichan_tbb", "..\cowichan_tbb\cowichan_tbb.vcproj", "{C5F3E018-B0CF-4A31-9944-01CFE79879A1}"
EndProject
Project("{8BC9CEB8-8B4A-11D0-8D11-00A0C91BC942}") = "cowichan_mpi", "..\cowichan_mpi\cowichan_mpi.vcproj", "{F60D960D-38A0-4632-AB08-1E31DFF254C7}"
EndProject
Global
	GlobalSection(SolutionConfigurationPlatforms) = preSolution
		Debug|Win32 = Debug|Win32
		Debug|x64 = Debug|x64
		Release|Win32 = Release|Win32
		Release|x64 = Release|x64
	EndGlobalSection
	GlobalSection(ProjectConfigurationPlatforms) = postSolution
		{3F8546A1-038C-4BA9-B28F-22E0E0925501}.Debug|Win32.ActiveCfg = Debug|Win32
		{3F8546A1-038C-4BA9-B28F-22E0E0925501}.Debug|Win32.Build.0 = Debug|Win32
		{3F8546A1-038C-4BA9-B28F-22E0E0925501}.Debug|x64.ActiveCfg = Debug|x64
		{3F8546A1-038C-4BA9-B28F-22E0E0925501}.Debug|x64.Build.0 = Debug|x64
		{3F8546A1-038C-4BA9-B28F-22E0E0925501}.Release|Win32.ActiveCfg = Release|Win32
		{3F8546A1-038C-4BA9-B28F-22E0E0925501}.Release|Win32.Build.0 = Release|Win32
		{3F8546A1-038C-4BA9-B28F-22E0E0925501}.Release|x64.ActiveCfg = Release|x64
		{3F8546A1-038C-4BA9-B28F-22E0E0925501}.Release|x64.Build.0 = Release|x64
		{11DE927D-B71F-47CD-B8B8-5221EC3EC3AD}.Debug|Win32.ActiveCfg = Debug|Win32
		{11DE927D-B71F-47CD-B8B8-5221EC3EC3AD}.Debug|Win32.Build.0 = Debug|Win32
		{11DE927D-B71F-47CD-B8B8-5221EC3EC3AD}.Debug|x64.ActiveCfg = Debug|x64
		{11DE927D-B71F-47CD-B8B8-5221EC3EC3AD}.Debug|x64.Build.0 = Debug|x64
		{11DE927D-B71F-47CD-B8B8-5221EC3EC3AD}.Release|Win32.ActiveCfg = Release|Win32
		{11DE927D-B71F-47CD-B8B8-5221EC3EC3AD}.Release|Win32.Build.0 = Release|Win32
		{11DE927D-B71F-47CD-B8B8-5221EC3EC3AD}.Release|x64.ActiveCfg = Release|x64
		{11DE927D-B71F-47CD-B8B8-5221EC3EC3AD}.Release|x64.Build.0 = Release|x64
		{C5F3E018-B0CF-4A31-9944-01CFE79879A1}.Debug|Win32.ActiveCfg = Debug|Win32
		{C5F3E018-B0CF-4A31-9944-01CFE79879A1}.Debug|Win32.Build.0 = Debug|Win32
		{C5F3E018-B0CF-4A31-9944-01CFE79879A1}.Debug|x64.ActiveCfg = Debug|x64
		{C5F3E018-B0CF-4A31-9944-01CFE79879A1}.Debug|x64.Build.0 = Debug|x64
		{C5F3E018-B0CF-4A31-9944-01CFE79879A1}.Release|Win32.ActiveCfg = Release|Win32
		{C5F3E018-B0CF-4A31-9944-01CFE79879A1}.Release|Win32.Build.0 = Release|Win32
		{C5F3E018-B0CF-4A31-9944-01CFE79879A1}.Release|x64.ActiveCfg = Release|x64
		{C5F3E018-B0CF-4A31-9944-01CFE79879A1}.Release|x64.Build.0 = Release|x64
		{F60D960D-38A0-4632-AB08-1E31DFF254C7}.Debug|Win32.ActiveCfg = Debug|Win32
		{F60D960D-38A0-4632-AB08-1E31DFF254C7}.Debug|Win32.Build.0 = Debug|Win32
		{F60D960D-38A0-4632-AB08-1E31DFF254C7}.Debug|x64.ActiveCfg = Debug|x64
		{F60D960D-38A0-4632-AB08-1E31DFF254C7}.Debug|x64.Build.0 = Debug|x64
		{F60D960D-38A0-4632-AB08-1E31DFF254C7}.Release|Win32.ActiveCfg = Release|Win32
		{F60D960D-38A0-4632-AB08-1E31DFF254C7}.Release|Win32.Build.0 = Release|Win32
		{F60D960D-38A0-4632-AB08-1E31DFF254C7}.Release|x64.ActiveCfg = Release|x64
		{F60D960D-38A0-4632-AB08-1E31DFF254C7}.Release|x64.Build.0 = Release|x64
	EndGlobalSection
	GlobalSection(SolutionProperties) = preSolution
		HideSolutionNode = FALSE
	EndGlobalSection
EndGlobal
