
Microsoft Visual Studio Solution File, Format Version 9.00
# Visual Studio 2005
Project("{8BC9CEB8-8B4A-11D0-8D11-00A0C91BC942}") = "life", "life\life.vcproj", "{441AD076-AD99-4E22-AB03-4D5F5EEA2175}"
EndProject
Project("{8BC9CEB8-8B4A-11D0-8D11-00A0C91BC942}") = "randmat", "randmat\randmat.vcproj", "{7E09A8E5-A7B4-4C82-B4F1-30014AE6F578}"
EndProject
Project("{8BC9CEB8-8B4A-11D0-8D11-00A0C91BC942}") = "product", "product\product.vcproj", "{E27E040C-36F6-4C75-8C44-A38C56DF8B0A}"
EndProject
Project("{8BC9CEB8-8B4A-11D0-8D11-00A0C91BC942}") = "gauss", "gauss\gauss.vcproj", "{092519C3-FE21-46A8-BEB9-B4B2480052F4}"
EndProject
Project("{8BC9CEB8-8B4A-11D0-8D11-00A0C91BC942}") = "norm", "norm\norm.vcproj", "{FE75C8C5-F98E-4F67-8A82-DF0CBF7B53F6}"
EndProject
Project("{8BC9CEB8-8B4A-11D0-8D11-00A0C91BC942}") = "mandel", "mandel\mandel.vcproj", "{F7BB5217-39AE-4AAE-8691-1D4990BF0913}"
EndProject
Project("{8BC9CEB8-8B4A-11D0-8D11-00A0C91BC942}") = "winnow", "winnow\winnow.vcproj", "{0E7A35B9-355D-4BB3-B8A2-1C9B0002BAF7}"
EndProject
Project("{8BC9CEB8-8B4A-11D0-8D11-00A0C91BC942}") = "invperc", "invperc\invperc.vcproj", "{A7E4F643-9DE3-47C4-9D0B-35526B1AC57A}"
EndProject
Project("{8BC9CEB8-8B4A-11D0-8D11-00A0C91BC942}") = "thresh", "thresh\thresh.vcproj", "{4140D3A5-120D-4CA6-9141-74FF09AAAE2B}"
EndProject
Project("{8BC9CEB8-8B4A-11D0-8D11-00A0C91BC942}") = "hull", "hull\hull.vcproj", "{2587BBC4-F6C7-487E-8423-701FCB157222}"
EndProject
Project("{8BC9CEB8-8B4A-11D0-8D11-00A0C91BC942}") = "half", "half\half.vcproj", "{31B3E158-FC1D-4420-81E1-AD010F56EB96}"
EndProject
Project("{8BC9CEB8-8B4A-11D0-8D11-00A0C91BC942}") = "outer", "outer\outer.vcproj", "{2E3173F3-CDAA-44B9-87D6-6E944EF1F977}"
EndProject
Project("{8BC9CEB8-8B4A-11D0-8D11-00A0C91BC942}") = "sor", "sor\sor.vcproj", "{103F10E2-6974-4E12-99FB-0286318317EF}"
EndProject
Project("{8BC9CEB8-8B4A-11D0-8D11-00A0C91BC942}") = "vecdiff", "vecdiff\vecdiff.vcproj", "{D9805D22-C336-4961-B6A2-5962947AF2A1}"
EndProject
Project("{8BC9CEB8-8B4A-11D0-8D11-00A0C91BC942}") = "chain", "chain\chain.vcproj", "{E613CE1B-4C84-49F5-AC72-A55670FE0155}"
	ProjectSection(ProjectDependencies) = postProject
		{7E09A8E5-A7B4-4C82-B4F1-30014AE6F578} = {7E09A8E5-A7B4-4C82-B4F1-30014AE6F578}
	EndProjectSection
EndProject
Global
	GlobalSection(SolutionConfigurationPlatforms) = preSolution
		DebugMPICH1|Win32 = DebugMPICH1|Win32
		DebugMPICH2|Win32 = DebugMPICH2|Win32
		ReleaseMPICH1|Win32 = ReleaseMPICH1|Win32
		ReleaseMPICH2|Win32 = ReleaseMPICH2|Win32
	EndGlobalSection
	GlobalSection(ProjectConfigurationPlatforms) = postSolution
		{441AD076-AD99-4E22-AB03-4D5F5EEA2175}.DebugMPICH1|Win32.ActiveCfg = DebugMPICH1|Win32
		{441AD076-AD99-4E22-AB03-4D5F5EEA2175}.DebugMPICH1|Win32.Build.0 = DebugMPICH1|Win32
		{441AD076-AD99-4E22-AB03-4D5F5EEA2175}.DebugMPICH2|Win32.ActiveCfg = DebugMPICH2|Win32
		{441AD076-AD99-4E22-AB03-4D5F5EEA2175}.DebugMPICH2|Win32.Build.0 = DebugMPICH2|Win32
		{441AD076-AD99-4E22-AB03-4D5F5EEA2175}.ReleaseMPICH1|Win32.ActiveCfg = ReleaseMPICH1|Win32
		{441AD076-AD99-4E22-AB03-4D5F5EEA2175}.ReleaseMPICH1|Win32.Build.0 = ReleaseMPICH1|Win32
		{441AD076-AD99-4E22-AB03-4D5F5EEA2175}.ReleaseMPICH2|Win32.ActiveCfg = ReleaseMPICH2|Win32
		{441AD076-AD99-4E22-AB03-4D5F5EEA2175}.ReleaseMPICH2|Win32.Build.0 = ReleaseMPICH2|Win32
		{7E09A8E5-A7B4-4C82-B4F1-30014AE6F578}.DebugMPICH1|Win32.ActiveCfg = DebugMPICH1|Win32
		{7E09A8E5-A7B4-4C82-B4F1-30014AE6F578}.DebugMPICH1|Win32.Build.0 = DebugMPICH1|Win32
		{7E09A8E5-A7B4-4C82-B4F1-30014AE6F578}.DebugMPICH2|Win32.ActiveCfg = DebugMPICH2|Win32
		{7E09A8E5-A7B4-4C82-B4F1-30014AE6F578}.DebugMPICH2|Win32.Build.0 = DebugMPICH2|Win32
		{7E09A8E5-A7B4-4C82-B4F1-30014AE6F578}.ReleaseMPICH1|Win32.ActiveCfg = ReleaseMPICH1|Win32
		{7E09A8E5-A7B4-4C82-B4F1-30014AE6F578}.ReleaseMPICH1|Win32.Build.0 = ReleaseMPICH1|Win32
		{7E09A8E5-A7B4-4C82-B4F1-30014AE6F578}.ReleaseMPICH2|Win32.ActiveCfg = ReleaseMPICH2|Win32
		{7E09A8E5-A7B4-4C82-B4F1-30014AE6F578}.ReleaseMPICH2|Win32.Build.0 = ReleaseMPICH2|Win32
		{E27E040C-36F6-4C75-8C44-A38C56DF8B0A}.DebugMPICH1|Win32.ActiveCfg = DebugMPICH1|Win32
		{E27E040C-36F6-4C75-8C44-A38C56DF8B0A}.DebugMPICH1|Win32.Build.0 = DebugMPICH1|Win32
		{E27E040C-36F6-4C75-8C44-A38C56DF8B0A}.DebugMPICH2|Win32.ActiveCfg = DebugMPICH2|Win32
		{E27E040C-36F6-4C75-8C44-A38C56DF8B0A}.DebugMPICH2|Win32.Build.0 = DebugMPICH2|Win32
		{E27E040C-36F6-4C75-8C44-A38C56DF8B0A}.ReleaseMPICH1|Win32.ActiveCfg = ReleaseMPICH1|Win32
		{E27E040C-36F6-4C75-8C44-A38C56DF8B0A}.ReleaseMPICH1|Win32.Build.0 = ReleaseMPICH1|Win32
		{E27E040C-36F6-4C75-8C44-A38C56DF8B0A}.ReleaseMPICH2|Win32.ActiveCfg = ReleaseMPICH2|Win32
		{E27E040C-36F6-4C75-8C44-A38C56DF8B0A}.ReleaseMPICH2|Win32.Build.0 = ReleaseMPICH2|Win32
		{092519C3-FE21-46A8-BEB9-B4B2480052F4}.DebugMPICH1|Win32.ActiveCfg = DebugMPICH1|Win32
		{092519C3-FE21-46A8-BEB9-B4B2480052F4}.DebugMPICH1|Win32.Build.0 = DebugMPICH1|Win32
		{092519C3-FE21-46A8-BEB9-B4B2480052F4}.DebugMPICH2|Win32.ActiveCfg = DebugMPICH2|Win32
		{092519C3-FE21-46A8-BEB9-B4B2480052F4}.DebugMPICH2|Win32.Build.0 = DebugMPICH2|Win32
		{092519C3-FE21-46A8-BEB9-B4B2480052F4}.ReleaseMPICH1|Win32.ActiveCfg = ReleaseMPICH1|Win32
		{092519C3-FE21-46A8-BEB9-B4B2480052F4}.ReleaseMPICH1|Win32.Build.0 = ReleaseMPICH1|Win32
		{092519C3-FE21-46A8-BEB9-B4B2480052F4}.ReleaseMPICH2|Win32.ActiveCfg = ReleaseMPICH2|Win32
		{092519C3-FE21-46A8-BEB9-B4B2480052F4}.ReleaseMPICH2|Win32.Build.0 = ReleaseMPICH2|Win32
		{FE75C8C5-F98E-4F67-8A82-DF0CBF7B53F6}.DebugMPICH1|Win32.ActiveCfg = DebugMPICH1|Win32
		{FE75C8C5-F98E-4F67-8A82-DF0CBF7B53F6}.DebugMPICH1|Win32.Build.0 = DebugMPICH1|Win32
		{FE75C8C5-F98E-4F67-8A82-DF0CBF7B53F6}.DebugMPICH2|Win32.ActiveCfg = DebugMPICH2|Win32
		{FE75C8C5-F98E-4F67-8A82-DF0CBF7B53F6}.DebugMPICH2|Win32.Build.0 = DebugMPICH2|Win32
		{FE75C8C5-F98E-4F67-8A82-DF0CBF7B53F6}.ReleaseMPICH1|Win32.ActiveCfg = ReleaseMPICH1|Win32
		{FE75C8C5-F98E-4F67-8A82-DF0CBF7B53F6}.ReleaseMPICH1|Win32.Build.0 = ReleaseMPICH1|Win32
		{FE75C8C5-F98E-4F67-8A82-DF0CBF7B53F6}.ReleaseMPICH2|Win32.ActiveCfg = ReleaseMPICH2|Win32
		{FE75C8C5-F98E-4F67-8A82-DF0CBF7B53F6}.ReleaseMPICH2|Win32.Build.0 = ReleaseMPICH2|Win32
		{F7BB5217-39AE-4AAE-8691-1D4990BF0913}.DebugMPICH1|Win32.ActiveCfg = DebugMPICH1|Win32
		{F7BB5217-39AE-4AAE-8691-1D4990BF0913}.DebugMPICH1|Win32.Build.0 = DebugMPICH1|Win32
		{F7BB5217-39AE-4AAE-8691-1D4990BF0913}.DebugMPICH2|Win32.ActiveCfg = DebugMPICH2|Win32
		{F7BB5217-39AE-4AAE-8691-1D4990BF0913}.DebugMPICH2|Win32.Build.0 = DebugMPICH2|Win32
		{F7BB5217-39AE-4AAE-8691-1D4990BF0913}.ReleaseMPICH1|Win32.ActiveCfg = ReleaseMPICH1|Win32
		{F7BB5217-39AE-4AAE-8691-1D4990BF0913}.ReleaseMPICH1|Win32.Build.0 = ReleaseMPICH1|Win32
		{F7BB5217-39AE-4AAE-8691-1D4990BF0913}.ReleaseMPICH2|Win32.ActiveCfg = ReleaseMPICH2|Win32
		{F7BB5217-39AE-4AAE-8691-1D4990BF0913}.ReleaseMPICH2|Win32.Build.0 = ReleaseMPICH2|Win32
		{0E7A35B9-355D-4BB3-B8A2-1C9B0002BAF7}.DebugMPICH1|Win32.ActiveCfg = DebugMPICH1|Win32
		{0E7A35B9-355D-4BB3-B8A2-1C9B0002BAF7}.DebugMPICH1|Win32.Build.0 = DebugMPICH1|Win32
		{0E7A35B9-355D-4BB3-B8A2-1C9B0002BAF7}.DebugMPICH2|Win32.ActiveCfg = DebugMPICH2|Win32
		{0E7A35B9-355D-4BB3-B8A2-1C9B0002BAF7}.DebugMPICH2|Win32.Build.0 = DebugMPICH2|Win32
		{0E7A35B9-355D-4BB3-B8A2-1C9B0002BAF7}.ReleaseMPICH1|Win32.ActiveCfg = ReleaseMPICH1|Win32
		{0E7A35B9-355D-4BB3-B8A2-1C9B0002BAF7}.ReleaseMPICH1|Win32.Build.0 = ReleaseMPICH1|Win32
		{0E7A35B9-355D-4BB3-B8A2-1C9B0002BAF7}.ReleaseMPICH2|Win32.ActiveCfg = ReleaseMPICH2|Win32
		{0E7A35B9-355D-4BB3-B8A2-1C9B0002BAF7}.ReleaseMPICH2|Win32.Build.0 = ReleaseMPICH2|Win32
		{A7E4F643-9DE3-47C4-9D0B-35526B1AC57A}.DebugMPICH1|Win32.ActiveCfg = DebugMPICH1|Win32
		{A7E4F643-9DE3-47C4-9D0B-35526B1AC57A}.DebugMPICH1|Win32.Build.0 = DebugMPICH1|Win32
		{A7E4F643-9DE3-47C4-9D0B-35526B1AC57A}.DebugMPICH2|Win32.ActiveCfg = DebugMPICH2|Win32
		{A7E4F643-9DE3-47C4-9D0B-35526B1AC57A}.DebugMPICH2|Win32.Build.0 = DebugMPICH2|Win32
		{A7E4F643-9DE3-47C4-9D0B-35526B1AC57A}.ReleaseMPICH1|Win32.ActiveCfg = ReleaseMPICH1|Win32
		{A7E4F643-9DE3-47C4-9D0B-35526B1AC57A}.ReleaseMPICH1|Win32.Build.0 = ReleaseMPICH1|Win32
		{A7E4F643-9DE3-47C4-9D0B-35526B1AC57A}.ReleaseMPICH2|Win32.ActiveCfg = ReleaseMPICH2|Win32
		{A7E4F643-9DE3-47C4-9D0B-35526B1AC57A}.ReleaseMPICH2|Win32.Build.0 = ReleaseMPICH2|Win32
		{4140D3A5-120D-4CA6-9141-74FF09AAAE2B}.DebugMPICH1|Win32.ActiveCfg = DebugMPICH1|Win32
		{4140D3A5-120D-4CA6-9141-74FF09AAAE2B}.DebugMPICH1|Win32.Build.0 = DebugMPICH1|Win32
		{4140D3A5-120D-4CA6-9141-74FF09AAAE2B}.DebugMPICH2|Win32.ActiveCfg = DebugMPICH2|Win32
		{4140D3A5-120D-4CA6-9141-74FF09AAAE2B}.DebugMPICH2|Win32.Build.0 = DebugMPICH2|Win32
		{4140D3A5-120D-4CA6-9141-74FF09AAAE2B}.ReleaseMPICH1|Win32.ActiveCfg = ReleaseMPICH1|Win32
		{4140D3A5-120D-4CA6-9141-74FF09AAAE2B}.ReleaseMPICH1|Win32.Build.0 = ReleaseMPICH1|Win32
		{4140D3A5-120D-4CA6-9141-74FF09AAAE2B}.ReleaseMPICH2|Win32.ActiveCfg = ReleaseMPICH2|Win32
		{4140D3A5-120D-4CA6-9141-74FF09AAAE2B}.ReleaseMPICH2|Win32.Build.0 = ReleaseMPICH2|Win32
		{2587BBC4-F6C7-487E-8423-701FCB157222}.DebugMPICH1|Win32.ActiveCfg = DebugMPICH1|Win32
		{2587BBC4-F6C7-487E-8423-701FCB157222}.DebugMPICH1|Win32.Build.0 = DebugMPICH1|Win32
		{2587BBC4-F6C7-487E-8423-701FCB157222}.DebugMPICH2|Win32.ActiveCfg = DebugMPICH2|Win32
		{2587BBC4-F6C7-487E-8423-701FCB157222}.DebugMPICH2|Win32.Build.0 = DebugMPICH2|Win32
		{2587BBC4-F6C7-487E-8423-701FCB157222}.ReleaseMPICH1|Win32.ActiveCfg = ReleaseMPICH1|Win32
		{2587BBC4-F6C7-487E-8423-701FCB157222}.ReleaseMPICH1|Win32.Build.0 = ReleaseMPICH1|Win32
		{2587BBC4-F6C7-487E-8423-701FCB157222}.ReleaseMPICH2|Win32.ActiveCfg = ReleaseMPICH2|Win32
		{2587BBC4-F6C7-487E-8423-701FCB157222}.ReleaseMPICH2|Win32.Build.0 = ReleaseMPICH2|Win32
		{31B3E158-FC1D-4420-81E1-AD010F56EB96}.DebugMPICH1|Win32.ActiveCfg = DebugMPICH1|Win32
		{31B3E158-FC1D-4420-81E1-AD010F56EB96}.DebugMPICH1|Win32.Build.0 = DebugMPICH1|Win32
		{31B3E158-FC1D-4420-81E1-AD010F56EB96}.DebugMPICH2|Win32.ActiveCfg = DebugMPICH2|Win32
		{31B3E158-FC1D-4420-81E1-AD010F56EB96}.DebugMPICH2|Win32.Build.0 = DebugMPICH2|Win32
		{31B3E158-FC1D-4420-81E1-AD010F56EB96}.ReleaseMPICH1|Win32.ActiveCfg = ReleaseMPICH1|Win32
		{31B3E158-FC1D-4420-81E1-AD010F56EB96}.ReleaseMPICH1|Win32.Build.0 = ReleaseMPICH1|Win32
		{31B3E158-FC1D-4420-81E1-AD010F56EB96}.ReleaseMPICH2|Win32.ActiveCfg = ReleaseMPICH2|Win32
		{31B3E158-FC1D-4420-81E1-AD010F56EB96}.ReleaseMPICH2|Win32.Build.0 = ReleaseMPICH2|Win32
		{2E3173F3-CDAA-44B9-87D6-6E944EF1F977}.DebugMPICH1|Win32.ActiveCfg = DebugMPICH1|Win32
		{2E3173F3-CDAA-44B9-87D6-6E944EF1F977}.DebugMPICH1|Win32.Build.0 = DebugMPICH1|Win32
		{2E3173F3-CDAA-44B9-87D6-6E944EF1F977}.DebugMPICH2|Win32.ActiveCfg = DebugMPICH2|Win32
		{2E3173F3-CDAA-44B9-87D6-6E944EF1F977}.DebugMPICH2|Win32.Build.0 = DebugMPICH2|Win32
		{2E3173F3-CDAA-44B9-87D6-6E944EF1F977}.ReleaseMPICH1|Win32.ActiveCfg = ReleaseMPICH1|Win32
		{2E3173F3-CDAA-44B9-87D6-6E944EF1F977}.ReleaseMPICH1|Win32.Build.0 = ReleaseMPICH1|Win32
		{2E3173F3-CDAA-44B9-87D6-6E944EF1F977}.ReleaseMPICH2|Win32.ActiveCfg = ReleaseMPICH2|Win32
		{2E3173F3-CDAA-44B9-87D6-6E944EF1F977}.ReleaseMPICH2|Win32.Build.0 = ReleaseMPICH2|Win32
		{103F10E2-6974-4E12-99FB-0286318317EF}.DebugMPICH1|Win32.ActiveCfg = DebugMPICH1|Win32
		{103F10E2-6974-4E12-99FB-0286318317EF}.DebugMPICH1|Win32.Build.0 = DebugMPICH1|Win32
		{103F10E2-6974-4E12-99FB-0286318317EF}.DebugMPICH2|Win32.ActiveCfg = DebugMPICH2|Win32
		{103F10E2-6974-4E12-99FB-0286318317EF}.DebugMPICH2|Win32.Build.0 = DebugMPICH2|Win32
		{103F10E2-6974-4E12-99FB-0286318317EF}.ReleaseMPICH1|Win32.ActiveCfg = ReleaseMPICH1|Win32
		{103F10E2-6974-4E12-99FB-0286318317EF}.ReleaseMPICH1|Win32.Build.0 = ReleaseMPICH1|Win32
		{103F10E2-6974-4E12-99FB-0286318317EF}.ReleaseMPICH2|Win32.ActiveCfg = ReleaseMPICH2|Win32
		{103F10E2-6974-4E12-99FB-0286318317EF}.ReleaseMPICH2|Win32.Build.0 = ReleaseMPICH2|Win32
		{D9805D22-C336-4961-B6A2-5962947AF2A1}.DebugMPICH1|Win32.ActiveCfg = DebugMPICH1|Win32
		{D9805D22-C336-4961-B6A2-5962947AF2A1}.DebugMPICH1|Win32.Build.0 = DebugMPICH1|Win32
		{D9805D22-C336-4961-B6A2-5962947AF2A1}.DebugMPICH2|Win32.ActiveCfg = DebugMPICH2|Win32
		{D9805D22-C336-4961-B6A2-5962947AF2A1}.DebugMPICH2|Win32.Build.0 = DebugMPICH2|Win32
		{D9805D22-C336-4961-B6A2-5962947AF2A1}.ReleaseMPICH1|Win32.ActiveCfg = ReleaseMPICH1|Win32
		{D9805D22-C336-4961-B6A2-5962947AF2A1}.ReleaseMPICH1|Win32.Build.0 = ReleaseMPICH1|Win32
		{D9805D22-C336-4961-B6A2-5962947AF2A1}.ReleaseMPICH2|Win32.ActiveCfg = ReleaseMPICH2|Win32
		{D9805D22-C336-4961-B6A2-5962947AF2A1}.ReleaseMPICH2|Win32.Build.0 = ReleaseMPICH2|Win32
		{E613CE1B-4C84-49F5-AC72-A55670FE0155}.DebugMPICH1|Win32.ActiveCfg = DebugMPICH1|Win32
		{E613CE1B-4C84-49F5-AC72-A55670FE0155}.DebugMPICH1|Win32.Build.0 = DebugMPICH1|Win32
		{E613CE1B-4C84-49F5-AC72-A55670FE0155}.DebugMPICH2|Win32.ActiveCfg = DebugMPICH2|Win32
		{E613CE1B-4C84-49F5-AC72-A55670FE0155}.DebugMPICH2|Win32.Build.0 = DebugMPICH2|Win32
		{E613CE1B-4C84-49F5-AC72-A55670FE0155}.ReleaseMPICH1|Win32.ActiveCfg = ReleaseMPICH1|Win32
		{E613CE1B-4C84-49F5-AC72-A55670FE0155}.ReleaseMPICH1|Win32.Build.0 = ReleaseMPICH1|Win32
		{E613CE1B-4C84-49F5-AC72-A55670FE0155}.ReleaseMPICH2|Win32.ActiveCfg = ReleaseMPICH2|Win32
		{E613CE1B-4C84-49F5-AC72-A55670FE0155}.ReleaseMPICH2|Win32.Build.0 = ReleaseMPICH2|Win32
	EndGlobalSection
	GlobalSection(SolutionProperties) = preSolution
		HideSolutionNode = FALSE
	EndGlobalSection
EndGlobal
